
Microsoft Visual Studio Solution File, Format Version 12.00
# Visual Studio Version 17
VisualStudioVersion = 17.14.36414.22 d17.14
MinimumVisualStudioVersion = 10.0.40219.1
Project("{FAE04EC0-301F-11D3-BF4B-00C04F79EFBC}") = "Giniyatullina_Hashtable", "Giniyatullina_Hashtable.csproj", "{E18CF484-84CD-4DC1-A2D4-945C626BCA29}"
EndProject
Global
	GlobalSection(SolutionConfigurationPlatforms) = preSolution
		Debug|Any CPU = Debug|Any CPU
		Release|Any CPU = Release|Any CPU
	EndGlobalSection
	GlobalSection(ProjectConfigurationPlatforms) = postSolution
		{E18CF484-84CD-4DC1-A2D4-945C626BCA29}.Debug|Any CPU.ActiveCfg = Debug|Any CPU
		{E18CF484-84CD-4DC1-A2D4-945C626BCA29}.Debug|Any CPU.Build.0 = Debug|Any CPU
		{E18CF484-84CD-4DC1-A2D4-945C626BCA29}.Release|Any CPU.ActiveCfg = Release|Any CPU
		{E18CF484-84CD-4DC1-A2D4-945C626BCA29}.Release|Any CPU.Build.0 = Release|Any CPU
	EndGlobalSection
	GlobalSection(SolutionProperties) = preSolution
		HideSolutionNode = FALSE
	EndGlobalSection
	GlobalSection(ExtensibilityGlobals) = postSolution
		SolutionGuid = {C0A5A15F-0221-49E1-B2C2-B8121C5C0A3B}
	EndGlobalSection
EndGlobal
